
Microsoft Visual Studio Solution File, Format Version 12.00
# Visual Studio Version 16
VisualStudioVersion = 16.0.31205.134
MinimumVisualStudioVersion = 10.0.40219.1
Project("{FAE04EC0-301F-11D3-BF4B-00C04F79EFBC}") = "KnowledgePortal", "KnowledgePortal\KnowledgePortal.csproj", "{754AFE28-9E71-4AF0-95FF-90F624CA3293}"
EndProject
Global
	GlobalSection(SolutionConfigurationPlatforms) = preSolution
		Debug|Any CPU = Debug|Any CPU
		Release|Any CPU = Release|Any CPU
	EndGlobalSection
	GlobalSection(ProjectConfigurationPlatforms) = postSolution
		{754AFE28-9E71-4AF0-95FF-90F624CA3293}.Debug|Any CPU.ActiveCfg = Debug|Any CPU
		{754AFE28-9E71-4AF0-95FF-90F624CA3293}.Debug|Any CPU.Build.0 = Debug|Any CPU
		{754AFE28-9E71-4AF0-95FF-90F624CA3293}.Release|Any CPU.ActiveCfg = Release|Any CPU
		{754AFE28-9E71-4AF0-95FF-90F624CA3293}.Release|Any CPU.Build.0 = Release|Any CPU
	EndGlobalSection
	GlobalSection(SolutionProperties) = preSolution
		HideSolutionNode = FALSE
	EndGlobalSection
	GlobalSection(ExtensibilityGlobals) = postSolution
		SolutionGuid = {B80BBBBA-29EA-40F9-826C-8302A4E5BE4D}
	EndGlobalSection
EndGlobal
